
Microsoft Visual Studio Solution File, Format Version 12.00
# Visual Studio 15
VisualStudioVersion = 15.0.27703.2026
MinimumVisualStudioVersion = 10.0.40219.1
Project("{FAE04EC0-301F-11D3-BF4B-00C04F79EFBC}") = "PPE3_genieco_v2", "PPE3_genieco_v2\PPE3_genieco_v2.csproj", "{5310E081-8BA4-4898-85C6-4284935F6844}"
EndProject
Global
	GlobalSection(SolutionConfigurationPlatforms) = preSolution
		Debug|Any CPU = Debug|Any CPU
		Release|Any CPU = Release|Any CPU
	EndGlobalSection
	GlobalSection(ProjectConfigurationPlatforms) = postSolution
		{5310E081-8BA4-4898-85C6-4284935F6844}.Debug|Any CPU.ActiveCfg = Debug|Any CPU
		{5310E081-8BA4-4898-85C6-4284935F6844}.Debug|Any CPU.Build.0 = Debug|Any CPU
		{5310E081-8BA4-4898-85C6-4284935F6844}.Release|Any CPU.ActiveCfg = Release|Any CPU
		{5310E081-8BA4-4898-85C6-4284935F6844}.Release|Any CPU.Build.0 = Release|Any CPU
	EndGlobalSection
	GlobalSection(SolutionProperties) = preSolution
		HideSolutionNode = FALSE
	EndGlobalSection
	GlobalSection(ExtensibilityGlobals) = postSolution
		SolutionGuid = {BB3D9D04-AAB0-42A6-8D58-DAF874FB5938}
	EndGlobalSection
EndGlobal
